
Microsoft Visual Studio Solution File, Format Version 12.00
# Visual Studio Version 17
VisualStudioVersion = 17.4.33110.190
MinimumVisualStudioVersion = 10.0.40219.1
Project("{FAE04EC0-301F-11D3-BF4B-00C04F79EFBC}") = "ProductCategoryDropDownSampleApp", "ProductCategoryDropDownSampleApp\ProductCategoryDropDownSampleApp.csproj", "{663CA071-FA5D-4467-99B1-F31B4C1DB2FB}"
EndProject
Global
	GlobalSection(SolutionConfigurationPlatforms) = preSolution
		Debug|Any CPU = Debug|Any CPU
		Release|Any CPU = Release|Any CPU
	EndGlobalSection
	GlobalSection(ProjectConfigurationPlatforms) = postSolution
		{663CA071-FA5D-4467-99B1-F31B4C1DB2FB}.Debug|Any CPU.ActiveCfg = Debug|Any CPU
		{663CA071-FA5D-4467-99B1-F31B4C1DB2FB}.Debug|Any CPU.Build.0 = Debug|Any CPU
		{663CA071-FA5D-4467-99B1-F31B4C1DB2FB}.Release|Any CPU.ActiveCfg = Release|Any CPU
		{663CA071-FA5D-4467-99B1-F31B4C1DB2FB}.Release|Any CPU.Build.0 = Release|Any CPU
	EndGlobalSection
	GlobalSection(SolutionProperties) = preSolution
		HideSolutionNode = FALSE
	EndGlobalSection
	GlobalSection(ExtensibilityGlobals) = postSolution
		SolutionGuid = {B4A0D4D8-153D-4DDA-A68D-075BE79BC409}
	EndGlobalSection
EndGlobal
